<?xml version="1.0" encoding="utf-8"?>
<Project ToolsVersion="4.0" xmlns="http://schemas.microsoft.com/developer/msbuild/2003">
  <ItemGroup>
    <Filter Include="File di origine">
      <UniqueIdentifier>{4FC737F1-C7A5-4376-A066-2A32D752A2FF}</UniqueIdentifier>
      <Extensions>cpp;c;cc;cxx;c++;cppm;ixx;def;odl;idl;hpj;bat;asm;asmx</Extensions>
    </Filter>
    <Filter Include="File di intestazione">
      <UniqueIdentifier>{93995380-89BD-4b04-88EB-625FBE52EBFB}</UniqueIdentifier>
      <Extensions>h;hh;hpp;hxx;h++;hm;inl;inc;ipp;xsd</Extensions>
    </Filter>
    <Filter Include="File di risorse">
      <UniqueIdentifier>{67DA6AB6-F800-4c08-8B7A-83BB121AAD01}</UniqueIdentifier>
      <Extensions>rc;ico;cur;bmp;dlg;rc2;rct;bin;rgs;gif;jpg;jpeg;jpe;resx;tiff;tif;png;wav;mfcribbon-ms</Extensions>
    </Filter>
  </ItemGroup>
  <ItemGroup>
    <ClCompile Include="ConsoleTemplate.cpp">
      <Filter>File di origine</Filter>
    </ClCompile>
    <ClCompile Include="Game.cpp">
      <Filter>File di origine</Filter>
    </ClCompile>
    <ClCompile Include="GameState.cpp">
      <Filter>File di origine</Filter>
    </ClCompile>
    <ClCompile Include="InGameState.cpp">
      <Filter>File di origine</Filter>
    </ClCompile>
    <ClCompile Include="PauseState.cpp">
      <Filter>File di origine</Filter>
    </ClCompile>
    <ClCompile Include="MenuState.cpp">
      <Filter>File di origine</Filter>
    </ClCompile>
    <ClCompile Include="TileMap.cpp">
      <Filter>File di origine</Filter>
    </ClCompile>
    <ClCompile Include="ScriptManager.cpp">
      <Filter>File di origine</Filter>
    </ClCompile>
    <ClCompile Include="Server.cpp">
      <Filter>File di origine</Filter>
    </ClCompile>
    <ClCompile Include="NPC.cpp">
      <Filter>File di origine</Filter>
    </ClCompile>
    <ClCompile Include="GameObject.cpp">
      <Filter>File di origine</Filter>
    </ClCompile>
    <ClCompile Include="GameObjectManager.cpp">
      <Filter>File di origine</Filter>
    </ClCompile>
    <ClCompile Include="Entity.cpp">
      <Filter>File di origine</Filter>
    </ClCompile>
    <ClCompile Include="Animation.cpp">
      <Filter>File di origine</Filter>
    </ClCompile>
    <ClCompile Include="AnimationComponent.cpp">
      <Filter>File di origine</Filter>
    </ClCompile>
    <ClCompile Include="AnimationManager.cpp">
      <Filter>File di origine</Filter>
    </ClCompile>
    <ClCompile Include="TileSelectorPanel.cpp">
      <Filter>File di origine</Filter>
    </ClCompile>
    <ClCompile Include="AnimationPanel.cpp">
      <Filter>File di origine</Filter>
    </ClCompile>
    <ClCompile Include="PropertyPanel.cpp">
      <Filter>File di origine</Filter>
    </ClCompile>
    <ClCompile Include="D:\SFML-2.6.0\include\imgui\imgui.cpp">
      <Filter>File di origine</Filter>
    </ClCompile>
    <ClCompile Include="D:\SFML-2.6.0\include\imgui\imgui_draw.cpp">
      <Filter>File di origine</Filter>
    </ClCompile>
    <ClCompile Include="D:\SFML-2.6.0\include\imgui\imgui_tables.cpp">
      <Filter>File di origine</Filter>
    </ClCompile>
    <ClCompile Include="D:\SFML-2.6.0\include\imgui\imgui_widgets.cpp">
      <Filter>File di origine</Filter>
    </ClCompile>
    <ClCompile Include="D:\SFML-2.6.0\include\imgui\imgui-SFML.cpp">
      <Filter>File di origine</Filter>
    </ClCompile>
    <ClCompile Include="Session.cpp">
      <Filter>File di origine</Filter>
    </ClCompile>
    <ClCompile Include="EntityPropertyPanel.cpp">
      <Filter>File di origine</Filter>
    </ClCompile>
    <ClCompile Include="imgui_includes.ixx">
      <Filter>File di origine</Filter>
    </ClCompile>
    <ClCompile Include="EditorState.cpp">
      <Filter>File di origine</Filter>
    </ClCompile>
    <ClCompile Include="ImGuiFileDialog.cpp">
      <Filter>File di origine</Filter>
    </ClCompile>
    <ClCompile Include="WorldSettingsManager.cpp">
      <Filter>File di origine</Filter>
    </ClCompile>
    <ClCompile Include="WorldConfig.cpp">
      <Filter>File di origine</Filter>
    </ClCompile>
    <ClCompile Include="TilesetManager.cpp">
      <Filter>File di origine</Filter>
    </ClCompile>
    <ClCompile Include="TilesetEditorPanel.cpp">
      <Filter>File di origine</Filter>
    </ClCompile>
    <ClCompile Include="AnimationGroupEditorPanel.cpp">
      <Filter>File di origine</Filter>
    </ClCompile>
    <ClCompile Include="SoundManager.cpp">
      <Filter>File di origine</Filter>
    </ClCompile>
    <ClCompile Include="EventEditorPanel.cpp">
      <Filter>File di origine</Filter>
    </ClCompile>
    <ClCompile Include="EventSystem.cpp">
      <Filter>File di origine</Filter>
    </ClCompile>
    <ClCompile Include="NodeGraph.cpp">
      <Filter>File di origine</Filter>
    </ClCompile>
    <ClCompile Include="ScriptContext.cpp">
      <Filter>File di origine</Filter>
    </ClCompile>
    <ClCompile Include="NodeLibrary.cpp">
      <Filter>File di origine</Filter>
    </ClCompile>
    <ClCompile Include="ScriptManagerInstance.cpp">
      <Filter>File di origine</Filter>
    </ClCompile>
    <ClCompile Include="GameWorld.cpp">
      <Filter>File di origine</Filter>
    </ClCompile>
    <ClCompile Include="WorldController.cpp">
      <Filter>File di origine</Filter>
    </ClCompile>
    <ClCompile Include="PlayerAnimationBlueprint.cpp">
      <Filter>File di origine</Filter>
    </ClCompile>
    <ClCompile Include="AnimationFactory.cpp">
      <Filter>File di origine</Filter>
    </ClCompile>
    <ClCompile Include="AnimationBlueprintintUtils.cpp">
      <Filter>File di origine</Filter>
    </ClCompile>
    <ClCompile Include="EditorPlayerPanel.cpp">
      <Filter>File di origine</Filter>
    </ClCompile>
  </ItemGroup>
  <ItemGroup>
    <ClInclude Include="Game.h">
      <Filter>File di intestazione</Filter>
    </ClInclude>
    <ClInclude Include="GameState.h">
      <Filter>File di intestazione</Filter>
    </ClInclude>
    <ClInclude Include="InGameState.h">
      <Filter>File di intestazione</Filter>
    </ClInclude>
    <ClInclude Include="PauseState.h">
      <Filter>File di intestazione</Filter>
    </ClInclude>
    <ClInclude Include="MenuState.h">
      <Filter>File di intestazione</Filter>
    </ClInclude>
    <ClInclude Include="EditorState.h">
      <Filter>File di intestazione</Filter>
    </ClInclude>
    <ClInclude Include="TileMap.h">
      <Filter>File di intestazione</Filter>
    </ClInclude>
    <ClInclude Include="ScriptManager.h">
      <Filter>File di intestazione</Filter>
    </ClInclude>
    <ClInclude Include="Server.h">
      <Filter>File di intestazione</Filter>
    </ClInclude>
    <ClInclude Include="NPC.h">
      <Filter>File di intestazione</Filter>
    </ClInclude>
    <ClInclude Include="GameObject.h">
      <Filter>File di intestazione</Filter>
    </ClInclude>
    <ClInclude Include="GameObjectManager.h">
      <Filter>File di intestazione</Filter>
    </ClInclude>
    <ClInclude Include="Entity.h">
      <Filter>File di intestazione</Filter>
    </ClInclude>
    <ClInclude Include="Animation.h">
      <Filter>File di intestazione</Filter>
    </ClInclude>
    <ClInclude Include="AnimationComponent.h">
      <Filter>File di intestazione</Filter>
    </ClInclude>
    <ClInclude Include="AnimationManager.h">
      <Filter>File di intestazione</Filter>
    </ClInclude>
    <ClInclude Include="TileSelectorPanel.h">
      <Filter>File di intestazione</Filter>
    </ClInclude>
    <ClInclude Include="AnimationPanel.h">
      <Filter>File di intestazione</Filter>
    </ClInclude>
    <ClInclude Include="PropertyPanel.h">
      <Filter>File di intestazione</Filter>
    </ClInclude>
    <ClInclude Include="Session.h">
      <Filter>File di intestazione</Filter>
    </ClInclude>
    <ClInclude Include="EntityPropertyPanel.h">
      <Filter>File di intestazione</Filter>
    </ClInclude>
    <ClInclude Include="TileInfo.h">
      <Filter>File di intestazione</Filter>
    </ClInclude>
    <ClInclude Include="ImGuiFileDialog.h">
      <Filter>File di intestazione</Filter>
    </ClInclude>
    <ClInclude Include="imgui_includes.h">
      <Filter>File di intestazione</Filter>
    </ClInclude>
    <ClInclude Include="WorldSettingsManager.h">
      <Filter>File di intestazione</Filter>
    </ClInclude>
    <ClInclude Include="WorldConfig.h">
      <Filter>File di intestazione</Filter>
    </ClInclude>
    <ClInclude Include="TilesetManager.h">
      <Filter>File di intestazione</Filter>
    </ClInclude>
    <ClInclude Include="TilesetEditorPanel.h">
      <Filter>File di intestazione</Filter>
    </ClInclude>
    <ClInclude Include="AnimationGroup.h">
      <Filter>File di intestazione</Filter>
    </ClInclude>
    <ClInclude Include="AnimationGroupEditorPanel.h">
      <Filter>File di intestazione</Filter>
    </ClInclude>
    <ClInclude Include="SoundManager.h">
      <Filter>File di intestazione</Filter>
    </ClInclude>
    <ClInclude Include="EventEditorPanel.h">
      <Filter>File di intestazione</Filter>
    </ClInclude>
    <ClInclude Include="EventSystem.h">
      <Filter>File di intestazione</Filter>
    </ClInclude>
    <ClInclude Include="NodeGraph.h">
      <Filter>File di intestazione</Filter>
    </ClInclude>
    <ClInclude Include="ScriptContext.h">
      <Filter>File di intestazione</Filter>
    </ClInclude>
    <ClInclude Include="NodeLibrary.h">
      <Filter>File di intestazione</Filter>
    </ClInclude>
    <ClInclude Include="ScriptManagerInstance.h">
      <Filter>File di intestazione</Filter>
    </ClInclude>
    <ClInclude Include="GameWorld.h">
      <Filter>File di intestazione</Filter>
    </ClInclude>
    <ClInclude Include="WorldController.h">
      <Filter>File di intestazione</Filter>
    </ClInclude>
    <ClInclude Include="PlayerAnimationBlueprint.h">
      <Filter>File di intestazione</Filter>
    </ClInclude>
    <ClInclude Include="AnimationFactory.h">
      <Filter>File di intestazione</Filter>
    </ClInclude>
    <ClInclude Include="AnimationBlueprintintUtils.h">
      <Filter>File di intestazione</Filter>
    </ClInclude>
    <ClInclude Include="EditorPlayerPanel.h">
      <Filter>File di intestazione</Filter>
    </ClInclude>
  </ItemGroup>
  <ItemGroup>
    <None Include="packages.config" />
    <None Include="imgui.ini" />
  </ItemGroup>
</Project>